// !$*UTF8*$!
{
	archiveVersion = 1;
	classes = {
	};
	objectVersion = 46;
	objects = {

/* Begin PBXBuildFile section */
		5AA018181BA9D2A200082111 /* AppDelegate.swift in Sources */ = {isa = PBXBuildFile; fileRef = 5AA018171BA9D2A200082111 /* AppDelegate.swift */; };
		5AA0181A1BA9D2A200082111 /* ViewController.swift in Sources */ = {isa = PBXBuildFile; fileRef = 5AA018191BA9D2A200082111 /* ViewController.swift */; };
		5AA0181D1BA9D2A200082111 /* Main.storyboard in Resources */ = {isa = PBXBuildFile; fileRef = 5AA0181B1BA9D2A200082111 /* Main.storyboard */; };
		5AA0181F1BA9D2A200082111 /* Assets.xcassets in Resources */ = {isa = PBXBuildFile; fileRef = 5AA0181E1BA9D2A200082111 /* Assets.xcassets */; };
		5AA018221BA9D2A200082111 /* LaunchScreen.storyboard in Resources */ = {isa = PBXBuildFile; fileRef = 5AA018201BA9D2A200082111 /* LaunchScreen.storyboard */; };
		D2A518161BABC1F90090023A /* MyViewController.swift in Sources */ = {isa = PBXBuildFile; fileRef = D2A518151BABC1F90090023A /* MyViewController.swift */; settings = {ASSET_TAGS = (); }; };
/* End PBXBuildFile section */

/* Begin PBXFileReference section */
		5AA018141BA9D2A200082111 /* SuperCool.app */ = {isa = PBXFileReference; explicitFileType = wrapper.application; includeInIndex = 0; path = SuperCool.app; sourceTree = BUILT_PRODUCTS_DIR; };
		5AA018171BA9D2A200082111 /* AppDelegate.swift */ = {isa = PBXFileReference; lastKnownFileType = sourcecode.swift; path = AppDelegate.swift; sourceTree = "<group>"; };
		5AA018191BA9D2A200082111 /* ViewController.swift */ = {isa = PBXFileReference; lastKnownFileType = sourcecode.swift; path = ViewController.swift; sourceTree = "<group>"; };
		5AA0181C1BA9D2A200082111 /* Base */ = {isa = PBXFileReference; lastKnownFileType = file.storyboard; name = Base; path = Base.lproj/Main.storyboard; sourceTree = "<group>"; };
		5AA0181E1BA9D2A200082111 /* Assets.xcassets */ = {isa = PBXFileReference; lastKnownFileType = folder.assetcatalog; path = Assets.xcassets; sourceTree = "<group>"; };
		5AA018211BA9D2A200082111 /* Base */ = {isa = PBXFileReference; lastKnownFileType = file.storyboard; name = Base; path = Base.lproj/LaunchScreen.storyboard; sourceTree = "<group>"; };
		5AA018231BA9D2A200082111 /* Info.plist */ = {isa = PBXFileReference; lastKnownFileType = text.plist.xml; path = Info.plist; sourceTree = "<group>"; };
		D2A518151BABC1F90090023A /* MyViewController.swift */ = {isa = PBXFileReference; fileEncoding = 4; lastKnownFileType = sourcecode.swift; path = MyViewController.swift; sourceTree = "<group>"; };
/* End PBXFileReference section */

/* Begin PBXFrameworksBuildPhase section */
		5AA018111BA9D2A200082111 /* Frameworks */ = {
			isa = PBXFrameworksBuildPhase;
			buildActionMask = 2147483647;
			files = (
			);
			runOnlyForDeploymentPostprocessing = 0;
		};
/* End PBXFrameworksBuildPhase section */

/* Begin PBXGroup section */
		5AA0180B1BA9D2A200082111 = {
			isa = PBXGroup;
			children = (
				5AA018161BA9D2A200082111 /* SuperCool */,
				5AA018151BA9D2A200082111 /* Products */,
			);
			sourceTree = "<group>";
		};
		5AA018151BA9D2A200082111 /* Products */ = {
			isa = PBXGroup;
			children = (
				5AA018141BA9D2A200082111 /* SuperCool.app */,
			);
			name = Products;
			sourceTree = "<group>";
		};
		5AA018161BA9D2A200082111 /* SuperCool */ = {
			isa = PBXGroup;
			children = (
				5AA018171BA9D2A200082111 /* AppDelegate.swift */,
				5AA018191BA9D2A200082111 /* ViewController.swift */,
				5AA0181B1BA9D2A200082111 /* Main.storyboard */,
				5AA0181E1BA9D2A200082111 /* Assets.xcassets */,
				5AA018201BA9D2A200082111 /* LaunchScreen.storyboard */,
				5AA018231BA9D2A200082111 /* Info.plist */,
				D2A518151BABC1F90090023A /* MyViewController.swift */,
			);
			path = SuperCool;
			sourceTree = "<group>";
		};
/* End PBXGroup section */

/* Begin PBXNativeTarget section */
		5AA018131BA9D2A200082111 /* SuperCool */ = {
			isa = PBXNativeTarget;
			buildConfigurationList = 5AA018261BA9D2A200082111 /* Build configuration list for PBXNativeTarget "SuperCool" */;
			buildPhases = (
				5AA018101BA9D2A200082111 /* Sources */,
				5AA018111BA9D2A200082111 /* Frameworks */,
				5AA018121BA9D2A200082111 /* Resources */,
			);
			buildRules = (
			);
			dependencies = (
			);
			name = SuperCool;
			productName = SuperCool;
			productReference = 5AA018141BA9D2A200082111 /* SuperCool.app */;
			productType = "com.apple.product-type.application";
		};
/* End PBXNativeTarget section */

/* Begin PBXProject section */
		5AA0180C1BA9D2A200082111 /* Project object */ = {
			isa = PBXProject;
			attributes = {
				LastUpgradeCheck = 0700;
				ORGANIZATIONNAME = YouSung;
				TargetAttributes = {
					5AA018131BA9D2A200082111 = {
						CreatedOnToolsVersion = 7.0;
					};
				};
			};
			buildConfigurationList = 5AA0180F1BA9D2A200082111 /* Build configuration list for PBXProject "SuperCool" */;
			compatibilityVersion = "Xcode 3.2";
			developmentRegion = English;
			hasScannedForEncodings = 0;
			knownRegions = (
				en,
				Base,
			);
			mainGroup = 5AA0180B1BA9D2A200082111;
			productRefGroup = 5AA018151BA9D2A200082111 /* Products */;
			projectDirPath = "";
			projectRoot = "";
			targets = (
				5AA018131BA9D2A200082111 /* SuperCool */,
			);
		};
/* End PBXProject section */

/* Begin PBXResourcesBuildPhase section */
		5AA018121BA9D2A200082111 /* Resources */ = {
			isa = PBXResourcesBuildPhase;
			buildActionMask = 2147483647;
			files = (
				5AA018221BA9D2A200082111 /* LaunchScreen.storyboard in Resources */,
				5AA0181F1BA9D2A200082111 /* Assets.xcassets in Resources */,
				5AA0181D1BA9D2A200082111 /* Main.storyboard in Resources */,
			);
			runOnlyForDeploymentPostprocessing = 0;
		};
/* End PBXResourcesBuildPhase section */

/* Begin PBXSourcesBuildPhase section */
		5AA018101BA9D2A200082111 /* Sources */ = {
			isa = PBXSourcesBuildPhase;
			buildActionMask = 2147483647;
			files = (
				5AA0181A1BA9D2A200082111 /* ViewController.swift in Sources */,
				D2A518161BABC1F90090023A /* MyViewController.swift in Sources */,
				5AA018181BA9D2A200082111 /* AppDelegate.swift in Sources */,
			);
			runOnlyForDeploymentPostprocessing = 0;
		};
/* End PBXSourcesBuildPhase section */

/* Begin PBXVariantGroup section */
		5AA0181B1BA9D2A200082111 /* Main.storyboard */ = {
			isa = PBXVariantGroup;
			children = (
				5AA0181C1BA9D2A200082111 /* Base */,
			);
			name = Main.storyboard;
			sourceTree = "<group>";
		};
		5AA018201BA9D2A200082111 /* LaunchScreen.storyboard */ = {
			isa = PBXVariantGroup;
			children = (
				5AA018211BA9D2A200082111 /* Base */,
			);
			name = LaunchScreen.storyboard;
			sourceTree = "<group>";
		};
/* End PBXVariantGroup section */

/* Begin XCBuildConfiguration section */
		5AA018241BA9D2A200082111 /* Debug */ = {
			isa = XCBuildConfiguration;
			buildSettings = {
				ALWAYS_SEARCH_USER_PATHS = NO;
				CLANG_CXX_LANGUAGE_STANDARD = "gnu++0x";
				CLANG_CXX_LIBRARY = "libc++";
				CLANG_ENABLE_MODULES = YES;
				CLANG_ENABLE_OBJC_ARC = YES;
				CLANG_WARN_BOOL_CONVERSION = YES;
				CLANG_WARN_CONSTANT_CONVERSION = YES;
				CLANG_WARN_DIRECT_OBJC_ISA_USAGE = YES_ERROR;
				CLANG_WARN_EMPTY_BODY = YES;
				CLANG_WARN_ENUM_CONVERSION = YES;
				CLANG_WARN_INT_CONVERSION = YES;
				CLANG_WARN_OBJC_ROOT_CLASS = YES_ERROR;
				CLANG_WARN_UNREACHABLE_CODE = YES;
				CLANG_WARN__DUPLICATE_METHOD_MATCH = YES;
				"CODE_SIGN_IDENTITY[sdk=iphoneos*]" = "iPhone Developer";
				COPY_PHASE_STRIP = NO;
				DEBUG_INFORMATION_FORMAT = dwarf;
				ENABLE_STRICT_OBJC_MSGSEND = YES;
				ENABLE_TESTABILITY = YES;
				GCC_C_LANGUAGE_STANDARD = gnu99;
				GCC_DYNAMIC_NO_PIC = NO;
				GCC_NO_COMMON_BLOCKS = YES;
				GCC_OPTIMIZATION_LEVEL = 0;
				GCC_PREPROCESSOR_DEFINITIONS = (
					"DEBUG=1",
					"$(inherited)",
				);
				GCC_WARN_64_TO_32_BIT_CONVERSION = YES;
				GCC_WARN_ABOUT_RETURN_TYPE = YES_ERROR;
				GCC_WARN_UNDECLARED_SELECTOR = YES;
				GCC_WARN_UNINITIALIZED_AUTOS = YES_AGGRESSIVE;
				GCC_WARN_UNUSED_FUNCTION = YES;
				GCC_WARN_UNUSED_VARIABLE = YES;
				IPHONEOS_DEPLOYMENT_TARGET = 9.0;
				MTL_ENABLE_DEBUG_INFO = YES;
				ONLY_ACTIVE_ARCH = YES;
				SDKROOT = iphoneos;
				SWIFT_OPTIMIZATION_LEVEL = "-Onone";
			};
			name = Debug;
		};
		5AA018251BA9D2A200082111 /* Release */ = {
			isa = XCBuildConfiguration;
			buildSettings = {
				ALWAYS_SEARCH_USER_PATHS = NO;
				CLANG_CXX_LANGUAGE_STANDARD = "gnu++0x";
				CLANG_CXX_LIBRARY = "libc++";
				CLANG_ENABLE_MODULES = YES;
				CLANG_ENABLE_OBJC_ARC = YES;
				CLANG_WARN_BOOL_CONVERSION = YES;
				CLANG_WARN_CONSTANT_CONVERSION = YES;
				CLANG_WARN_DIRECT_OBJC_ISA_USAGE = YES_ERROR;
				CLANG_WARN_EMPTY_BODY = YES;
				CLANG_WARN_ENUM_CONVERSION = YES;
				CLANG_WARN_INT_CONVERSION = YES;
				CLANG_WARN_OBJC_ROOT_CLASS = YES_ERROR;
				CLANG_WARN_UNREACHABLE_CODE = YES;
				CLANG_WARN__DUPLICATE_METHOD_MATCH = YES;
				"CODE_SIGN_IDENTITY[sdk=iphoneos*]" = "iPhone Developer";
				COPY_PHASE_STRIP = NO;
				DEBUG_INFORMATION_FORMAT = "dwarf-with-dsym";
				ENABLE_NS_ASSERTIONS = NO;
				ENABLE_STRICT_OBJC_MSGSEND = YES;
				GCC_C_LANGUAGE_STANDARD = gnu99;
				GCC_NO_COMMON_BLOCKS = YES;
				GCC_WARN_64_TO_32_BIT_CONVERSION = YES;
				GCC_WARN_ABOUT_RETURN_TYPE = YES_ERROR;
				GCC_WARN_UNDECLARED_SELECTOR = YES;
				GCC_WARN_UNINITIALIZED_AUTOS = YES_AGGRESSIVE;
				GCC_WARN_UNUSED_FUNCTION = YES;
				GCC_WARN_UNUSED_VARIABLE = YES;
				IPHONEOS_DEPLOYMENT_TARGET = 9.0;
				MTL_ENABLE_DEBUG_INFO = NO;
				SDKROOT = iphoneos;
				VALIDATE_PRODUCT = YES;
			};
			name = Release;
		};
		5AA018271BA9D2A200082111 /* Debug */ = {
			isa = XCBuildConfiguration;
			buildSettings = {
				ASSETCATALOG_COMPILER_APPICON_NAME = AppIcon;
				INFOPLIST_FILE = SuperCool/Info.plist;
				LD_RUNPATH_SEARCH_PATHS = "$(inherited) @executable_path/Frameworks";
				PRODUCT_BUNDLE_IDENTIFIER = devforus.com.SuperCool;
				PRODUCT_NAME = "$(TARGET_NAME)";
			};
			name = Debug;
		};
		5AA018281BA9D2A200082111 /* Release */ = {
			isa = XCBuildConfiguration;
			buildSettings = {
				ASSETCATALOG_COMPILER_APPICON_NAME = AppIcon;
				INFOPLIST_FILE = SuperCool/Info.plist;
				LD_RUNPATH_SEARCH_PATHS = "$(inherited) @executable_path/Frameworks";
				PRODUCT_BUNDLE_IDENTIFIER = devforus.com.SuperCool;
				PRODUCT_NAME = "$(TARGET_NAME)";
			};
			name = Release;
		};
/* End XCBuildConfiguration section */

/* Begin XCConfigurationList section */
		5AA0180F1BA9D2A200082111 /* Build configuration list for PBXProject "SuperCool" */ = {
			isa = XCConfigurationList;
			buildConfigurations = (
				5AA018241BA9D2A200082111 /* Debug */,
				5AA018251BA9D2A200082111 /* Release */,
			);
			defaultConfigurationIsVisible = 0;
			defaultConfigurationName = Release;
		};
		5AA018261BA9D2A200082111 /* Build configuration list for PBXNativeTarget "SuperCool" */ = {
			isa = XCConfigurationList;
			buildConfigurations = (
				5AA018271BA9D2A200082111 /* Debug */,
				5AA018281BA9D2A200082111 /* Release */,
			);
			defaultConfigurationIsVisible = 0;
			defaultConfigurationName = Release;
		};
/* End XCConfigurationList section */
	};
	rootObject = 5AA0180C1BA9D2A200082111 /* Project object */;
}
